
Microsoft Visual Studio Solution File, Format Version 12.00
# Visual Studio Version 17
VisualStudioVersion = 17.3.32929.385
MinimumVisualStudioVersion = 10.0.40219.1
Project("{8BC9CEB8-8B4A-11D0-8D11-00A0C91BC942}") = "dailyCode", "dailyCode\dailyCode.vcxproj", "{73B8355D-1CE1-4F20-8BAF-008AA96B70FE}"
EndProject
Project("{FAE04EC0-301F-11D3-BF4B-00C04F79EFBC}") = "dailyCodeC#", "dailyCodeC#\dailyCodeC#.csproj", "{4FF5A081-562F-4CB5-8A83-D09A7461C1E8}"
EndProject
Global
	GlobalSection(SolutionConfigurationPlatforms) = preSolution
		Debug|Any CPU = Debug|Any CPU
		Debug|x64 = Debug|x64
		Debug|x86 = Debug|x86
		Release|Any CPU = Release|Any CPU
		Release|x64 = Release|x64
		Release|x86 = Release|x86
	EndGlobalSection
	GlobalSection(ProjectConfigurationPlatforms) = postSolution
		{73B8355D-1CE1-4F20-8BAF-008AA96B70FE}.Debug|Any CPU.ActiveCfg = Debug|x64
		{73B8355D-1CE1-4F20-8BAF-008AA96B70FE}.Debug|Any CPU.Build.0 = Debug|x64
		{73B8355D-1CE1-4F20-8BAF-008AA96B70FE}.Debug|x64.ActiveCfg = Debug|x64
		{73B8355D-1CE1-4F20-8BAF-008AA96B70FE}.Debug|x64.Build.0 = Debug|x64
		{73B8355D-1CE1-4F20-8BAF-008AA96B70FE}.Debug|x86.ActiveCfg = Debug|Win32
		{73B8355D-1CE1-4F20-8BAF-008AA96B70FE}.Debug|x86.Build.0 = Debug|Win32
		{73B8355D-1CE1-4F20-8BAF-008AA96B70FE}.Release|Any CPU.ActiveCfg = Release|x64
		{73B8355D-1CE1-4F20-8BAF-008AA96B70FE}.Release|Any CPU.Build.0 = Release|x64
		{73B8355D-1CE1-4F20-8BAF-008AA96B70FE}.Release|x64.ActiveCfg = Release|x64
		{73B8355D-1CE1-4F20-8BAF-008AA96B70FE}.Release|x64.Build.0 = Release|x64
		{73B8355D-1CE1-4F20-8BAF-008AA96B70FE}.Release|x86.ActiveCfg = Release|Win32
		{73B8355D-1CE1-4F20-8BAF-008AA96B70FE}.Release|x86.Build.0 = Release|Win32
		{4FF5A081-562F-4CB5-8A83-D09A7461C1E8}.Debug|Any CPU.ActiveCfg = Debug|Any CPU
		{4FF5A081-562F-4CB5-8A83-D09A7461C1E8}.Debug|Any CPU.Build.0 = Debug|Any CPU
		{4FF5A081-562F-4CB5-8A83-D09A7461C1E8}.Debug|x64.ActiveCfg = Debug|Any CPU
		{4FF5A081-562F-4CB5-8A83-D09A7461C1E8}.Debug|x64.Build.0 = Debug|Any CPU
		{4FF5A081-562F-4CB5-8A83-D09A7461C1E8}.Debug|x86.ActiveCfg = Debug|Any CPU
		{4FF5A081-562F-4CB5-8A83-D09A7461C1E8}.Debug|x86.Build.0 = Debug|Any CPU
		{4FF5A081-562F-4CB5-8A83-D09A7461C1E8}.Release|Any CPU.ActiveCfg = Release|Any CPU
		{4FF5A081-562F-4CB5-8A83-D09A7461C1E8}.Release|Any CPU.Build.0 = Release|Any CPU
		{4FF5A081-562F-4CB5-8A83-D09A7461C1E8}.Release|x64.ActiveCfg = Release|Any CPU
		{4FF5A081-562F-4CB5-8A83-D09A7461C1E8}.Release|x64.Build.0 = Release|Any CPU
		{4FF5A081-562F-4CB5-8A83-D09A7461C1E8}.Release|x86.ActiveCfg = Release|Any CPU
		{4FF5A081-562F-4CB5-8A83-D09A7461C1E8}.Release|x86.Build.0 = Release|Any CPU
	EndGlobalSection
	GlobalSection(SolutionProperties) = preSolution
		HideSolutionNode = FALSE
	EndGlobalSection
	GlobalSection(ExtensibilityGlobals) = postSolution
		SolutionGuid = {4CF9AF68-5DDC-4AD6-A762-9C7D4906C36C}
	EndGlobalSection
EndGlobal
