<?xml version="1.0" encoding="utf-8"?>
<Project ToolsVersion="4.0" xmlns:atg="http://atg.xbox.com" xmlns="http://schemas.microsoft.com/developer/msbuild/2003">
  <ItemGroup>
    <Filter Include="Resource Files">
      <UniqueIdentifier>{8e114980-c1a3-4ada-ad7c-83caadf5daeb}</UniqueIdentifier>
      <Extensions>rc;ico;cur;bmp;dlg;rc2;rct;bin;rgs;gif;jpg;jpeg;jpe</Extensions>
    </Filter>
    <Filter Include="DXUT">
      <UniqueIdentifier>{a43c5c25-0e86-4a20-b64a-883785ff74fd}</UniqueIdentifier>
    </Filter>
    <Filter Include="Shaders">
      <UniqueIdentifier>{2c3d4c8c-5d1a-459a-a05a-a4e4b608a44e}</UniqueIdentifier>
      <Extensions>fx;fxh;hlsl</Extensions>
    </Filter>
    <Filter Include="h">
      <UniqueIdentifier>{cea786a0-6aee-4a43-a222-ba7b0b8e406e}</UniqueIdentifier>
    </Filter>
    <Filter Include="cpp">
      <UniqueIdentifier>{25c23394-c195-419e-9201-4b0f08f2fca5}</UniqueIdentifier>
    </Filter>
  </ItemGroup>
  <ItemGroup>
    <ClInclude Include="winapi.h">
      <Filter>h</Filter>
    </ClInclude>
    <ClInclude Include="directX.h">
      <Filter>h</Filter>
    </ClInclude>
    <ClInclude Include="mesh.h">
      <Filter>h</Filter>
    </ClInclude>
    <ClInclude Include="meshMgr.h">
      <Filter>h</Filter>
    </ClInclude>
    <ClInclude Include="object.h">
      <Filter>h</Filter>
    </ClInclude>
    <ClInclude Include="vs.h">
      <Filter>h</Filter>
    </ClInclude>
    <ClInclude Include="ps.h">
      <Filter>h</Filter>
    </ClInclude>
    <ClInclude Include="dxFunc.h">
      <Filter>h</Filter>
    </ClInclude>
    <ClInclude Include="camera.h">
      <Filter>h</Filter>
    </ClInclude>
  </ItemGroup>
  <ItemGroup>
    <ClCompile Include="Tutorial05.cpp" />
    <ClCompile Include="winapi.cpp">
      <Filter>cpp</Filter>
    </ClCompile>
    <ClCompile Include="directX.cpp">
      <Filter>cpp</Filter>
    </ClCompile>
    <ClCompile Include="mesh.cpp">
      <Filter>cpp</Filter>
    </ClCompile>
    <ClCompile Include="meshMgr.cpp">
      <Filter>cpp</Filter>
    </ClCompile>
    <ClCompile Include="object.cpp">
      <Filter>cpp</Filter>
    </ClCompile>
    <ClCompile Include="vs.cpp">
      <Filter>cpp</Filter>
    </ClCompile>
    <ClCompile Include="ps.cpp">
      <Filter>cpp</Filter>
    </ClCompile>
    <ClCompile Include="dxFunc.cpp">
      <Filter>cpp</Filter>
    </ClCompile>
    <ClCompile Include="camera.cpp" />
  </ItemGroup>
  <ItemGroup>
    <None Include="Tutorial05.fx">
      <Filter>Shaders</Filter>
    </None>
  </ItemGroup>
  <ItemGroup>
    <CLInclude Include="resource.h">
      <Filter>Resource Files</Filter>
    </CLInclude>
    <ResourceCompile Include="Tutorial05.rc">
      <Filter>Resource Files</Filter>
    </ResourceCompile>
  </ItemGroup>
  <ItemGroup>
  </ItemGroup>
</Project>