<?xml version="1.0" encoding="utf-8"?>
<Project ToolsVersion="4.0" xmlns="http://schemas.microsoft.com/developer/msbuild/2003">
  <ItemGroup>
    <Filter Include="소스 파일">
      <UniqueIdentifier>{4FC737F1-C7A5-4376-A066-2A32D752A2FF}</UniqueIdentifier>
      <Extensions>cpp;c;cc;cxx;c++;cppm;ixx;def;odl;idl;hpj;bat;asm;asmx</Extensions>
    </Filter>
    <Filter Include="헤더 파일">
      <UniqueIdentifier>{93995380-89BD-4b04-88EB-625FBE52EBFB}</UniqueIdentifier>
      <Extensions>h;hh;hpp;hxx;h++;hm;inl;inc;ipp;xsd</Extensions>
    </Filter>
    <Filter Include="리소스 파일">
      <UniqueIdentifier>{67DA6AB6-F800-4c08-8B7A-83BB121AAD01}</UniqueIdentifier>
      <Extensions>rc;ico;cur;bmp;dlg;rc2;rct;bin;rgs;gif;jpg;jpeg;jpe;resx;tiff;tif;png;wav;mfcribbon-ms</Extensions>
    </Filter>
    <Filter Include="메인">
      <UniqueIdentifier>{a57d6619-452b-40d7-a562-4fc45b77c907}</UniqueIdentifier>
    </Filter>
    <Filter Include="헤더 파일\2023_04">
      <UniqueIdentifier>{92d2f511-cfef-482a-bcb0-841287c93217}</UniqueIdentifier>
    </Filter>
    <Filter Include="헤더 파일\2023_04\05">
      <UniqueIdentifier>{eb812231-44a3-4ce4-a97f-1abcdef6ac13}</UniqueIdentifier>
    </Filter>
    <Filter Include="헤더 파일\2023_04\06">
      <UniqueIdentifier>{54ffdf05-e80b-41dd-932f-d3929a3412df}</UniqueIdentifier>
    </Filter>
    <Filter Include="헤더 파일\2023_04\10">
      <UniqueIdentifier>{556ac0e4-9157-482b-9403-097a542f65a6}</UniqueIdentifier>
    </Filter>
    <Filter Include="헤더 파일\2023_04\11">
      <UniqueIdentifier>{6fba7ee6-64de-4a88-9bcd-9bc971de5fbe}</UniqueIdentifier>
    </Filter>
    <Filter Include="헤더 파일\2023_04\12">
      <UniqueIdentifier>{5a4d6822-428e-4488-8108-63ab351e505d}</UniqueIdentifier>
    </Filter>
    <Filter Include="헤더 파일\2023_04\13">
      <UniqueIdentifier>{a73c301e-dab7-4a03-8b2d-3bf23d99aabc}</UniqueIdentifier>
    </Filter>
    <Filter Include="헤더 파일\2023_04\14">
      <UniqueIdentifier>{a425b6e3-61bc-4461-99ad-a03c70af7177}</UniqueIdentifier>
    </Filter>
    <Filter Include="헤더 파일\2023_04\17">
      <UniqueIdentifier>{b88ec68e-8d11-4011-ad83-4c15a02b96a2}</UniqueIdentifier>
    </Filter>
    <Filter Include="헤더 파일\2023_04\18">
      <UniqueIdentifier>{89689cf1-f460-47fe-abca-ca26841d1e1a}</UniqueIdentifier>
    </Filter>
    <Filter Include="헤더 파일\2023_04\19">
      <UniqueIdentifier>{4221235c-a05e-4750-8e7e-0a3b5e506bb8}</UniqueIdentifier>
    </Filter>
    <Filter Include="헤더 파일\2023_04\20">
      <UniqueIdentifier>{50d7146f-404e-4224-b70f-7fb92352f002}</UniqueIdentifier>
    </Filter>
    <Filter Include="헤더 파일\2023_04\21">
      <UniqueIdentifier>{d6f644c2-4454-43f4-9de3-d4f8fa792d5b}</UniqueIdentifier>
    </Filter>
    <Filter Include="헤더 파일\2023_04\24">
      <UniqueIdentifier>{2a2abebd-f028-40ae-b9f4-78c3e5dd9d99}</UniqueIdentifier>
    </Filter>
    <Filter Include="헤더 파일\2023_04\26">
      <UniqueIdentifier>{ecb91384-1516-4cc3-bbbc-afef4d82ae81}</UniqueIdentifier>
    </Filter>
    <Filter Include="헤더 파일\2023_04\27">
      <UniqueIdentifier>{7c5ab541-4caa-4440-99d6-2ed4c2e20176}</UniqueIdentifier>
    </Filter>
    <Filter Include="헤더 파일\2023_04\28">
      <UniqueIdentifier>{91035f56-f36b-41bd-bb11-dceeedc062e1}</UniqueIdentifier>
    </Filter>
    <Filter Include="헤더 파일\2023_05">
      <UniqueIdentifier>{c67477b8-bb4d-4d45-a368-ec2acabefc47}</UniqueIdentifier>
    </Filter>
    <Filter Include="헤더 파일\2023_05\02">
      <UniqueIdentifier>{b5c1449c-364a-428c-94c9-fdf56d1ea3c0}</UniqueIdentifier>
    </Filter>
    <Filter Include="헤더 파일\2023_05\03">
      <UniqueIdentifier>{d3810b9a-0f73-4892-8a4c-e5ac8638f7d1}</UniqueIdentifier>
    </Filter>
    <Filter Include="헤더 파일\2023_05\04">
      <UniqueIdentifier>{31fd8d48-be07-4652-a217-ca1408f8ba88}</UniqueIdentifier>
    </Filter>
    <Filter Include="헤더 파일\2023_05\09">
      <UniqueIdentifier>{cd537fb2-c874-4d0a-8b6e-b5b1db03e2a0}</UniqueIdentifier>
    </Filter>
    <Filter Include="헤더 파일\2023_05\11">
      <UniqueIdentifier>{30ddbaf2-3bd5-4063-930e-51c9c82406ec}</UniqueIdentifier>
    </Filter>
  </ItemGroup>
  <ItemGroup>
    <ClCompile Include="main.cpp">
      <Filter>메인</Filter>
    </ClCompile>
    <ClCompile Include="insertionSort.cpp">
      <Filter>소스 파일</Filter>
    </ClCompile>
    <ClCompile Include="bubbleSort.cpp">
      <Filter>소스 파일</Filter>
    </ClCompile>
    <ClCompile Include="debug.cpp">
      <Filter>소스 파일</Filter>
    </ClCompile>
    <ClCompile Include="20230417_list.cpp">
      <Filter>소스 파일</Filter>
    </ClCompile>
    <ClCompile Include="20230418_list.cpp">
      <Filter>소스 파일</Filter>
    </ClCompile>
    <ClCompile Include="linkedList_20230419.cpp">
      <Filter>소스 파일</Filter>
    </ClCompile>
    <ClCompile Include="node_20230420.cpp">
      <Filter>소스 파일</Filter>
    </ClCompile>
    <ClCompile Include="linkedList_20230420.cpp">
      <Filter>소스 파일</Filter>
    </ClCompile>
    <ClCompile Include="20230421_linkedList_node.cpp">
      <Filter>소스 파일</Filter>
    </ClCompile>
    <ClCompile Include="20230421_linkedList_List.cpp">
      <Filter>소스 파일</Filter>
    </ClCompile>
    <ClCompile Include="20230421_mainSpace_01.cpp">
      <Filter>소스 파일</Filter>
    </ClCompile>
    <ClCompile Include="20230424_heap.cpp">
      <Filter>소스 파일</Filter>
    </ClCompile>
    <ClCompile Include="20230424_mainSapce01.cpp">
      <Filter>소스 파일</Filter>
    </ClCompile>
    <ClCompile Include="20230426_heap.cpp">
      <Filter>소스 파일</Filter>
    </ClCompile>
    <ClCompile Include="20230426_binarySearch.cpp">
      <Filter>소스 파일</Filter>
    </ClCompile>
    <ClCompile Include="20230503_BinarySearchTree.cpp">
      <Filter>소스 파일</Filter>
    </ClCompile>
    <ClCompile Include="20230504_BinarySearchTree.cpp">
      <Filter>소스 파일</Filter>
    </ClCompile>
    <ClCompile Include="20230504_mainSpace01.cpp">
      <Filter>소스 파일</Filter>
    </ClCompile>
    <ClCompile Include="20230509_binarySearchTree.cpp">
      <Filter>소스 파일</Filter>
    </ClCompile>
    <ClCompile Include="20230509_BST_DoublePointer.cpp">
      <Filter>소스 파일</Filter>
    </ClCompile>
    <ClCompile Include="20230510_BST_codeSpace01.cpp">
      <Filter>소스 파일</Filter>
    </ClCompile>
    <ClCompile Include="20230511_codeSpace.cpp">
      <Filter>소스 파일</Filter>
    </ClCompile>
    <ClCompile Include="dataStatic.cpp">
      <Filter>소스 파일</Filter>
    </ClCompile>
  </ItemGroup>
  <ItemGroup>
    <ClInclude Include="insertionSort.h">
      <Filter>헤더 파일\2023_04\05</Filter>
    </ClInclude>
    <ClInclude Include="bubbleSort.h">
      <Filter>헤더 파일\2023_04\06</Filter>
    </ClInclude>
    <ClInclude Include="debug.h">
      <Filter>헤더 파일\2023_04\10</Filter>
    </ClInclude>
    <ClInclude Include="20230411_recursion.h">
      <Filter>헤더 파일\2023_04\11</Filter>
    </ClInclude>
    <ClInclude Include="20230412_recursion.h">
      <Filter>헤더 파일\2023_04\12</Filter>
    </ClInclude>
    <ClInclude Include="20230413_recursion.h">
      <Filter>헤더 파일\2023_04\13</Filter>
    </ClInclude>
    <ClInclude Include="20230414_linkedList_01.h">
      <Filter>헤더 파일\2023_04\14</Filter>
    </ClInclude>
    <ClInclude Include="20230417_list.h">
      <Filter>헤더 파일\2023_04\17</Filter>
    </ClInclude>
    <ClInclude Include="20230418_list.h">
      <Filter>헤더 파일\2023_04\18</Filter>
    </ClInclude>
    <ClInclude Include="linkedList_20230419.h">
      <Filter>헤더 파일\2023_04\19</Filter>
    </ClInclude>
    <ClInclude Include="linkedList_20230420.h">
      <Filter>헤더 파일\2023_04\20</Filter>
    </ClInclude>
    <ClInclude Include="node_20230420.h">
      <Filter>헤더 파일\2023_04\20</Filter>
    </ClInclude>
    <ClInclude Include="20230421_linkedList_List.h">
      <Filter>헤더 파일\2023_04\21</Filter>
    </ClInclude>
    <ClInclude Include="20230421_linkedList_node.h">
      <Filter>헤더 파일\2023_04\21</Filter>
    </ClInclude>
    <ClInclude Include="20230424_heap.h">
      <Filter>헤더 파일\2023_04\24</Filter>
    </ClInclude>
    <ClInclude Include="20230426_heap.h">
      <Filter>헤더 파일\2023_04\26</Filter>
    </ClInclude>
    <ClInclude Include="20230426_binarySearch.h">
      <Filter>헤더 파일\2023_04\26</Filter>
    </ClInclude>
    <ClInclude Include="20230427_binarySearch.h">
      <Filter>헤더 파일\2023_04\27</Filter>
    </ClInclude>
    <ClInclude Include="20230427_quickSort.h">
      <Filter>헤더 파일\2023_04\27</Filter>
    </ClInclude>
    <ClInclude Include="20230428_quickSort.h">
      <Filter>헤더 파일\2023_04\28</Filter>
    </ClInclude>
    <ClInclude Include="20230428_mergeSort.h">
      <Filter>헤더 파일\2023_04\28</Filter>
    </ClInclude>
    <ClInclude Include="20230502_mergeSort.h">
      <Filter>헤더 파일\2023_05\02</Filter>
    </ClInclude>
    <ClInclude Include="20230503_BinarySearchTree.h">
      <Filter>헤더 파일\2023_05\03</Filter>
    </ClInclude>
    <ClInclude Include="20230504_BinarySearchTree.h">
      <Filter>헤더 파일\2023_05\04</Filter>
    </ClInclude>
    <ClInclude Include="20230509_binarySearchTree.h">
      <Filter>헤더 파일\2023_05\09</Filter>
    </ClInclude>
    <ClInclude Include="20230509_BST_DoublePointer.h">
      <Filter>헤더 파일\2023_05\09</Filter>
    </ClInclude>
    <ClInclude Include="20230511_dataStatic.h">
      <Filter>헤더 파일\2023_05\11</Filter>
    </ClInclude>
  </ItemGroup>
</Project>