<?xml version="1.0" encoding="utf-8"?>
<Project ToolsVersion="4.0" xmlns="http://schemas.microsoft.com/developer/msbuild/2003">
  <ItemGroup>
    <Filter Include="소스 파일">
      <UniqueIdentifier>{4FC737F1-C7A5-4376-A066-2A32D752A2FF}</UniqueIdentifier>
      <Extensions>cpp;c;cc;cxx;c++;cppm;ixx;def;odl;idl;hpj;bat;asm;asmx</Extensions>
    </Filter>
    <Filter Include="헤더 파일">
      <UniqueIdentifier>{93995380-89BD-4b04-88EB-625FBE52EBFB}</UniqueIdentifier>
      <Extensions>h;hh;hpp;hxx;h++;hm;inl;inc;ipp;xsd</Extensions>
    </Filter>
    <Filter Include="리소스 파일">
      <UniqueIdentifier>{67DA6AB6-F800-4c08-8B7A-83BB121AAD01}</UniqueIdentifier>
      <Extensions>rc;ico;cur;bmp;dlg;rc2;rct;bin;rgs;gif;jpg;jpeg;jpe;resx;tiff;tif;png;wav;mfcribbon-ms</Extensions>
    </Filter>
    <Filter Include="메인">
      <UniqueIdentifier>{a57d6619-452b-40d7-a562-4fc45b77c907}</UniqueIdentifier>
    </Filter>
    <Filter Include="헤더 파일\2023_04_05">
      <UniqueIdentifier>{eb812231-44a3-4ce4-a97f-1abcdef6ac13}</UniqueIdentifier>
    </Filter>
    <Filter Include="헤더 파일\2023_04_06">
      <UniqueIdentifier>{54ffdf05-e80b-41dd-932f-d3929a3412df}</UniqueIdentifier>
    </Filter>
    <Filter Include="헤더 파일\2023_04_10">
      <UniqueIdentifier>{556ac0e4-9157-482b-9403-097a542f65a6}</UniqueIdentifier>
    </Filter>
    <Filter Include="헤더 파일\2023_04_11">
      <UniqueIdentifier>{6fba7ee6-64de-4a88-9bcd-9bc971de5fbe}</UniqueIdentifier>
    </Filter>
    <Filter Include="헤더 파일\2023_04_12">
      <UniqueIdentifier>{5a4d6822-428e-4488-8108-63ab351e505d}</UniqueIdentifier>
    </Filter>
    <Filter Include="헤더 파일\2023_04_13">
      <UniqueIdentifier>{a73c301e-dab7-4a03-8b2d-3bf23d99aabc}</UniqueIdentifier>
    </Filter>
    <Filter Include="헤더 파일\2023_04_14">
      <UniqueIdentifier>{a425b6e3-61bc-4461-99ad-a03c70af7177}</UniqueIdentifier>
    </Filter>
    <Filter Include="헤더 파일\2023_04_17">
      <UniqueIdentifier>{b88ec68e-8d11-4011-ad83-4c15a02b96a2}</UniqueIdentifier>
    </Filter>
    <Filter Include="헤더 파일\2023_04_18">
      <UniqueIdentifier>{89689cf1-f460-47fe-abca-ca26841d1e1a}</UniqueIdentifier>
    </Filter>
    <Filter Include="헤더 파일\2023_04_19">
      <UniqueIdentifier>{4221235c-a05e-4750-8e7e-0a3b5e506bb8}</UniqueIdentifier>
    </Filter>
    <Filter Include="헤더 파일\2023_04_20">
      <UniqueIdentifier>{50d7146f-404e-4224-b70f-7fb92352f002}</UniqueIdentifier>
    </Filter>
    <Filter Include="헤더 파일\2023_04_21">
      <UniqueIdentifier>{d6f644c2-4454-43f4-9de3-d4f8fa792d5b}</UniqueIdentifier>
    </Filter>
    <Filter Include="헤더 파일\2023_04_24">
      <UniqueIdentifier>{2a2abebd-f028-40ae-b9f4-78c3e5dd9d99}</UniqueIdentifier>
    </Filter>
  </ItemGroup>
  <ItemGroup>
    <ClCompile Include="main.cpp">
      <Filter>메인</Filter>
    </ClCompile>
    <ClCompile Include="insertionSort.cpp">
      <Filter>소스 파일</Filter>
    </ClCompile>
    <ClCompile Include="bubbleSort.cpp">
      <Filter>소스 파일</Filter>
    </ClCompile>
    <ClCompile Include="debug.cpp">
      <Filter>소스 파일</Filter>
    </ClCompile>
    <ClCompile Include="20230417_list.cpp">
      <Filter>소스 파일</Filter>
    </ClCompile>
    <ClCompile Include="20230418_list.cpp">
      <Filter>소스 파일</Filter>
    </ClCompile>
    <ClCompile Include="linkedList_20230419.cpp">
      <Filter>소스 파일</Filter>
    </ClCompile>
    <ClCompile Include="node_20230420.cpp">
      <Filter>소스 파일</Filter>
    </ClCompile>
    <ClCompile Include="linkedList_20230420.cpp">
      <Filter>소스 파일</Filter>
    </ClCompile>
    <ClCompile Include="20230421_linkedList_node.cpp">
      <Filter>소스 파일</Filter>
    </ClCompile>
    <ClCompile Include="20230421_linkedList_List.cpp">
      <Filter>소스 파일</Filter>
    </ClCompile>
    <ClCompile Include="20230421_mainSpace_01.cpp">
      <Filter>소스 파일</Filter>
    </ClCompile>
    <ClCompile Include="20230424_heap.cpp">
      <Filter>소스 파일</Filter>
    </ClCompile>
  </ItemGroup>
  <ItemGroup>
    <ClInclude Include="insertionSort.h">
      <Filter>헤더 파일\2023_04_05</Filter>
    </ClInclude>
    <ClInclude Include="bubbleSort.h">
      <Filter>헤더 파일\2023_04_06</Filter>
    </ClInclude>
    <ClInclude Include="debug.h">
      <Filter>헤더 파일\2023_04_10</Filter>
    </ClInclude>
    <ClInclude Include="20230411_recursion.h">
      <Filter>헤더 파일\2023_04_11</Filter>
    </ClInclude>
    <ClInclude Include="20230412_recursion.h">
      <Filter>헤더 파일\2023_04_12</Filter>
    </ClInclude>
    <ClInclude Include="20230413_recursion.h">
      <Filter>헤더 파일\2023_04_13</Filter>
    </ClInclude>
    <ClInclude Include="20230414_linkedList_01.h">
      <Filter>헤더 파일\2023_04_14</Filter>
    </ClInclude>
    <ClInclude Include="20230417_list.h">
      <Filter>헤더 파일\2023_04_17</Filter>
    </ClInclude>
    <ClInclude Include="20230418_list.h">
      <Filter>헤더 파일\2023_04_18</Filter>
    </ClInclude>
    <ClInclude Include="linkedList_20230419.h">
      <Filter>헤더 파일\2023_04_19</Filter>
    </ClInclude>
    <ClInclude Include="linkedList_20230420.h">
      <Filter>헤더 파일\2023_04_20</Filter>
    </ClInclude>
    <ClInclude Include="node_20230420.h">
      <Filter>헤더 파일\2023_04_20</Filter>
    </ClInclude>
    <ClInclude Include="20230421_linkedList_List.h">
      <Filter>헤더 파일\2023_04_21</Filter>
    </ClInclude>
    <ClInclude Include="20230421_linkedList_node.h">
      <Filter>헤더 파일\2023_04_21</Filter>
    </ClInclude>
    <ClInclude Include="20230424_heap.h">
      <Filter>헤더 파일\2023_04_24</Filter>
    </ClInclude>
  </ItemGroup>
</Project>