<?xml version="1.0" encoding="utf-8"?>
<Project ToolsVersion="4.0" xmlns="http://schemas.microsoft.com/developer/msbuild/2003">
  <ItemGroup>
    <Filter Include="소스 파일">
      <UniqueIdentifier>{4FC737F1-C7A5-4376-A066-2A32D752A2FF}</UniqueIdentifier>
      <Extensions>cpp;c;cc;cxx;c++;cppm;ixx;def;odl;idl;hpj;bat;asm;asmx</Extensions>
    </Filter>
    <Filter Include="헤더 파일">
      <UniqueIdentifier>{93995380-89BD-4b04-88EB-625FBE52EBFB}</UniqueIdentifier>
      <Extensions>h;hh;hpp;hxx;h++;hm;inl;inc;ipp;xsd</Extensions>
    </Filter>
    <Filter Include="리소스 파일">
      <UniqueIdentifier>{67DA6AB6-F800-4c08-8B7A-83BB121AAD01}</UniqueIdentifier>
      <Extensions>rc;ico;cur;bmp;dlg;rc2;rct;bin;rgs;gif;jpg;jpeg;jpe;resx;tiff;tif;png;wav;mfcribbon-ms</Extensions>
    </Filter>
    <Filter Include="헤더 파일\leetCodeProblem">
      <UniqueIdentifier>{32ba82bd-ccb2-4533-ad68-d3e5b45ed8d3}</UniqueIdentifier>
    </Filter>
    <Filter Include="헤더 파일\programmers">
      <UniqueIdentifier>{3d753642-c774-4e75-b711-4a6919f9a813}</UniqueIdentifier>
    </Filter>
    <Filter Include="헤더 파일\acmicpc">
      <UniqueIdentifier>{0743441c-372d-4663-a699-9548c243ccd0}</UniqueIdentifier>
    </Filter>
    <Filter Include="헤더 파일\academyLesson">
      <UniqueIdentifier>{a0fbdb63-6cd3-4109-9fbe-71fedc4b5b6d}</UniqueIdentifier>
    </Filter>
    <Filter Include="헤더 파일\codePractice">
      <UniqueIdentifier>{e367fc8f-1199-4091-8c3a-181f29943ef8}</UniqueIdentifier>
    </Filter>
    <Filter Include="메인">
      <UniqueIdentifier>{83a293f3-540b-47f9-b9ac-a6c59f04bfd7}</UniqueIdentifier>
    </Filter>
    <Filter Include="헤더 파일\codePractice\forum">
      <UniqueIdentifier>{430e32de-3603-46be-b37a-2195fa2999e7}</UniqueIdentifier>
    </Filter>
  </ItemGroup>
  <ItemGroup>
    <ClInclude Include="Find_Peak_Element_162.h">
      <Filter>헤더 파일\leetCodeProblem</Filter>
    </ClInclude>
    <ClInclude Include="koko_eating_bananas_875.h">
      <Filter>헤더 파일\leetCodeProblem</Filter>
    </ClInclude>
    <ClInclude Include="word_search_79.h">
      <Filter>헤더 파일\leetCodeProblem</Filter>
    </ClInclude>
    <ClInclude Include="world_search_DFS_79.h">
      <Filter>헤더 파일\leetCodeProblem</Filter>
    </ClInclude>
    <ClInclude Include="leetCodeProblem\All_Paths_From_Source_to_Target_797.h">
      <Filter>헤더 파일\leetCodeProblem</Filter>
    </ClInclude>
    <ClInclude Include="leetCodeProblem\Arithmetic_Slices_413.h">
      <Filter>헤더 파일\leetCodeProblem</Filter>
    </ClInclude>
    <ClInclude Include="leetCodeProblem\Average_Salary_Excluding_the_Minimum_and_Maximum_Salary_1491.h">
      <Filter>헤더 파일\leetCodeProblem</Filter>
    </ClInclude>
    <ClInclude Include="leetCodeProblem\Balanced_Binary_Tree_110.h">
      <Filter>헤더 파일\leetCodeProblem</Filter>
    </ClInclude>
    <ClInclude Include="leetCodeProblem\Battleships_in_a_Board_419.h">
      <Filter>헤더 파일\leetCodeProblem</Filter>
    </ClInclude>
    <ClInclude Include="leetCodeProblem\Best_Sightseeing_Pair_1014.h">
      <Filter>헤더 파일\leetCodeProblem</Filter>
    </ClInclude>
    <ClInclude Include="leetCodeProblem\Best_Time_to_Buy_and_Sell_Stock_121.h">
      <Filter>헤더 파일\leetCodeProblem</Filter>
    </ClInclude>
    <ClInclude Include="leetCodeProblem\Best_Time_to_Buy_and_Sell_Stock_II_122.h">
      <Filter>헤더 파일\leetCodeProblem</Filter>
    </ClInclude>
    <ClInclude Include="leetCodeProblem\Best_Time_to_Buy_and_Sell_Stock_with_Cooldown_309.h">
      <Filter>헤더 파일\leetCodeProblem</Filter>
    </ClInclude>
    <ClInclude Include="leetCodeProblem\Best_Time_to_Buy_and_Sell_Stock_with_Transaction_Fee_714.h">
      <Filter>헤더 파일\leetCodeProblem</Filter>
    </ClInclude>
    <ClInclude Include="leetCodeProblem\Binary_Tree_Inorder_Traversal_94.h">
      <Filter>헤더 파일\leetCodeProblem</Filter>
    </ClInclude>
    <ClInclude Include="leetCodeProblem\Binary_Tree_Level_Order_Traversal_102.h">
      <Filter>헤더 파일\leetCodeProblem</Filter>
    </ClInclude>
    <ClInclude Include="leetCodeProblem\Binary_Tree_Maximum_Path_Sum_124.h">
      <Filter>헤더 파일\leetCodeProblem</Filter>
    </ClInclude>
    <ClInclude Include="leetCodeProblem\Binary_Tree_Zigzag_Level_Order_Traversal_103.h">
      <Filter>헤더 파일\leetCodeProblem</Filter>
    </ClInclude>
    <ClInclude Include="leetCodeProblem\Can_Make_Arithmetic_Progression_From_Sequence_1502.h">
      <Filter>헤더 파일\leetCodeProblem</Filter>
    </ClInclude>
    <ClInclude Include="leetCodeProblem\Check_If_It_Is_a_Straight_Line_1232.h">
      <Filter>헤더 파일\leetCodeProblem</Filter>
    </ClInclude>
    <ClInclude Include="leetCodeProblem\Check_if_One_String_Swap_Can_Make_Strings_Equal_1790.h">
      <Filter>헤더 파일\leetCodeProblem</Filter>
    </ClInclude>
    <ClInclude Include="leetCodeProblem\Climbing_Stairs_70.h">
      <Filter>헤더 파일\leetCodeProblem</Filter>
    </ClInclude>
    <ClInclude Include="leetCodeProblem\Clone_Graph_133.h">
      <Filter>헤더 파일\leetCodeProblem</Filter>
    </ClInclude>
    <ClInclude Include="leetCodeProblem\Coin_Change_2_518.h">
      <Filter>헤더 파일\leetCodeProblem</Filter>
    </ClInclude>
    <ClInclude Include="leetCodeProblem\Coin_Change_322.h">
      <Filter>헤더 파일\leetCodeProblem</Filter>
    </ClInclude>
    <ClInclude Include="leetCodeProblem\Combination_Sum_IV_377.h">
      <Filter>헤더 파일\leetCodeProblem</Filter>
    </ClInclude>
    <ClInclude Include="leetCodeProblem\Contains_Duplicate_217.h">
      <Filter>헤더 파일\leetCodeProblem</Filter>
    </ClInclude>
    <ClInclude Include="leetCodeProblem\Convert_Binary_Number_in_a_Linke_List_to_Integer_1290.h">
      <Filter>헤더 파일\leetCodeProblem</Filter>
    </ClInclude>
    <ClInclude Include="leetCodeProblem\Count_Odd_Numbers_in_an_Interval_Range_1523.h">
      <Filter>헤더 파일\leetCodeProblem</Filter>
    </ClInclude>
    <ClInclude Include="leetCodeProblem\Course_Schedule_207.h">
      <Filter>헤더 파일\leetCodeProblem</Filter>
    </ClInclude>
    <ClInclude Include="leetCodeProblem\Course_Schedule_II_210.h">
      <Filter>헤더 파일\leetCodeProblem</Filter>
    </ClInclude>
    <ClInclude Include="leetCodeProblem\Course_Schedule_II_With_BFS_210.h">
      <Filter>헤더 파일\leetCodeProblem</Filter>
    </ClInclude>
    <ClInclude Include="leetCodeProblem\Daily_Temperatures_739.h">
      <Filter>헤더 파일\leetCodeProblem</Filter>
    </ClInclude>
    <ClInclude Include="leetCodeProblem\Decode_Ways.h">
      <Filter>헤더 파일\leetCodeProblem</Filter>
    </ClInclude>
    <ClInclude Include="leetCodeProblem\Delete_and_Earn_740.h">
      <Filter>헤더 파일\leetCodeProblem</Filter>
    </ClInclude>
    <ClInclude Include="leetCodeProblem\Design_Parking_System_1683.h">
      <Filter>헤더 파일\leetCodeProblem</Filter>
    </ClInclude>
    <ClInclude Include="leetCodeProblem\Edit_Distance_72.h">
      <Filter>헤더 파일\leetCodeProblem</Filter>
    </ClInclude>
    <ClInclude Include="leetCodeProblem\EVALUATE_DIVISION_399.h">
      <Filter>헤더 파일\leetCodeProblem</Filter>
    </ClInclude>
    <ClInclude Include="leetCodeProblem\Evaluate_Reverse_Polish_Notation_150.h">
      <Filter>헤더 파일\leetCodeProblem</Filter>
    </ClInclude>
    <ClInclude Include="leetCodeProblem\Fibonacchi_Number_509.h">
      <Filter>헤더 파일\leetCodeProblem</Filter>
    </ClInclude>
    <ClInclude Include="leetCodeProblem\Find_Center_of_Star_Graph_1791.h">
      <Filter>헤더 파일\leetCodeProblem</Filter>
    </ClInclude>
    <ClInclude Include="leetCodeProblem\Find_if_Path_Exists_in_Graph_1971.h">
      <Filter>헤더 파일\leetCodeProblem</Filter>
    </ClInclude>
    <ClInclude Include="leetCodeProblem\Find_Nearest_Point_That_Has_the_Same_X_or_Y_Coordinate_1779.h">
      <Filter>헤더 파일\leetCodeProblem</Filter>
    </ClInclude>
    <ClInclude Include="leetCodeProblem\Find_Peak_Element_162.h">
      <Filter>헤더 파일\leetCodeProblem</Filter>
    </ClInclude>
    <ClInclude Include="leetCodeProblem\FIND_THE_CITY_WITH_THE_SMALLEST_NUMBER_OF_NEIGHBORS_AT_A_THRESHOLD_DISTANCE_1334.h">
      <Filter>헤더 파일\leetCodeProblem</Filter>
    </ClInclude>
    <ClInclude Include="leetCodeProblem\Find_the_Difference_389.h">
      <Filter>헤더 파일\leetCodeProblem</Filter>
    </ClInclude>
    <ClInclude Include="leetCodeProblem\Find_the_Index_of_the_First_Occurence_in_a_String_28.h">
      <Filter>헤더 파일\leetCodeProblem</Filter>
    </ClInclude>
    <ClInclude Include="leetCodeProblem\Find_the_Town_Judge_997.h">
      <Filter>헤더 파일\leetCodeProblem</Filter>
    </ClInclude>
    <ClInclude Include="leetCodeProblem\Goal_Parser_Interpretation_1678.h">
      <Filter>헤더 파일\leetCodeProblem</Filter>
    </ClInclude>
    <ClInclude Include="leetCodeProblem\Happy_Number_202.h">
      <Filter>헤더 파일\leetCodeProblem</Filter>
    </ClInclude>
    <ClInclude Include="leetCodeProblem\House_Robber_198.h">
      <Filter>헤더 파일\leetCodeProblem</Filter>
    </ClInclude>
    <ClInclude Include="leetCodeProblem\House_Robber_II_213.h">
      <Filter>헤더 파일\leetCodeProblem</Filter>
    </ClInclude>
    <ClInclude Include="leetCodeProblem\Implement_Queue_using_Stacks_232.h">
      <Filter>헤더 파일\leetCodeProblem</Filter>
    </ClInclude>
    <ClInclude Include="leetCodeProblem\Integer_Break_343.h">
      <Filter>헤더 파일\leetCodeProblem</Filter>
    </ClInclude>
    <ClInclude Include="leetCodeProblem\Is_Subsequence_392.h">
      <Filter>헤더 파일\leetCodeProblem</Filter>
    </ClInclude>
    <ClInclude Include="leetCodeProblem\Jump_Game_55.h">
      <Filter>헤더 파일\leetCodeProblem</Filter>
    </ClInclude>
    <ClInclude Include="leetCodeProblem\Jump_Game_II_45.h">
      <Filter>헤더 파일\leetCodeProblem</Filter>
    </ClInclude>
    <ClInclude Include="leetCodeProblem\Keys_and_Rooms_841.h">
      <Filter>헤더 파일\leetCodeProblem</Filter>
    </ClInclude>
    <ClInclude Include="leetCodeProblem\koko_eating_bananas_875.h">
      <Filter>헤더 파일\leetCodeProblem</Filter>
    </ClInclude>
    <ClInclude Include="leetCodeProblem\Largest_Perimeter_Triangle_976.h">
      <Filter>헤더 파일\leetCodeProblem</Filter>
    </ClInclude>
    <ClInclude Include="leetCodeProblem\Leaf-Similar_Trees_872.h">
      <Filter>헤더 파일\leetCodeProblem</Filter>
    </ClInclude>
    <ClInclude Include="leetCodeProblem\Linked_List_in_Binary_Tree_1367.h">
      <Filter>헤더 파일\leetCodeProblem</Filter>
    </ClInclude>
    <ClInclude Include="leetCodeProblem\Longest_Common_Prefix_14.h">
      <Filter>헤더 파일\leetCodeProblem</Filter>
    </ClInclude>
    <ClInclude Include="leetCodeProblem\Longest_Common_Subsequence_1143.h">
      <Filter>헤더 파일\leetCodeProblem</Filter>
    </ClInclude>
    <ClInclude Include="leetCodeProblem\Longest_Increasing_Subsequence_300.h">
      <Filter>헤더 파일\leetCodeProblem</Filter>
    </ClInclude>
    <ClInclude Include="leetCodeProblem\Longest_Palindromic_Subsequence_516.h">
      <Filter>헤더 파일\leetCodeProblem</Filter>
    </ClInclude>
    <ClInclude Include="leetCodeProblem\Longest_Palindromic_Substring_5.h">
      <Filter>헤더 파일\leetCodeProblem</Filter>
    </ClInclude>
    <ClInclude Include="leetCodeProblem\Map_of_Highest_Peak_1765.h">
      <Filter>헤더 파일\leetCodeProblem</Filter>
    </ClInclude>
    <ClInclude Include="leetCodeProblem\Matrix_Block_Sum_1314.h">
      <Filter>헤더 파일\leetCodeProblem</Filter>
    </ClInclude>
    <ClInclude Include="leetCodeProblem\Matrix_Diagonal_Sum_1572.h">
      <Filter>헤더 파일\leetCodeProblem</Filter>
    </ClInclude>
    <ClInclude Include="leetCodeProblem\Max_Area_of_Island_695.h">
      <Filter>헤더 파일\leetCodeProblem</Filter>
    </ClInclude>
    <ClInclude Include="leetCodeProblem\Maximal_Network_Rank_1615.h">
      <Filter>헤더 파일\leetCodeProblem</Filter>
    </ClInclude>
    <ClInclude Include="leetCodeProblem\Maximal_Squre_221.h">
      <Filter>헤더 파일\leetCodeProblem</Filter>
    </ClInclude>
    <ClInclude Include="leetCodeProblem\Maximum_Depth_of_Binary_Tree_104.h">
      <Filter>헤더 파일\leetCodeProblem</Filter>
    </ClInclude>
    <ClInclude Include="leetCodeProblem\Maximum_Difference_Between_Node_and_Ancestor_1026.h">
      <Filter>헤더 파일\leetCodeProblem</Filter>
    </ClInclude>
    <ClInclude Include="leetCodeProblem\Maximum_Length_of_Subarray_With_Positive_Product_1567.h">
      <Filter>헤더 파일\leetCodeProblem</Filter>
    </ClInclude>
    <ClInclude Include="leetCodeProblem\Maximum_Product_of_Two_Elements_in_an_Array_1464.h">
      <Filter>헤더 파일\leetCodeProblem</Filter>
    </ClInclude>
    <ClInclude Include="leetCodeProblem\Maximum_Product_Subarray_152.h">
      <Filter>헤더 파일\leetCodeProblem</Filter>
    </ClInclude>
    <ClInclude Include="leetCodeProblem\Maximum_Subarray_53.h">
      <Filter>헤더 파일\leetCodeProblem</Filter>
    </ClInclude>
    <ClInclude Include="leetCodeProblem\Maximum_Sum_Circular_Subarray_918.h">
      <Filter>헤더 파일\leetCodeProblem</Filter>
    </ClInclude>
    <ClInclude Include="leetCodeProblem\Merge_Strings_Alternately_1768.h">
      <Filter>헤더 파일\leetCodeProblem</Filter>
    </ClInclude>
    <ClInclude Include="leetCodeProblem\Middle_of_the_Linked_List_876.h">
      <Filter>헤더 파일\leetCodeProblem</Filter>
    </ClInclude>
    <ClInclude Include="leetCodeProblem\Min_Cost_Climbing_Stairs_746.h">
      <Filter>헤더 파일\leetCodeProblem</Filter>
    </ClInclude>
    <ClInclude Include="leetCodeProblem\Min_Cost_to_Connect_All_Points_1584.h">
      <Filter>헤더 파일\leetCodeProblem</Filter>
    </ClInclude>
    <ClInclude Include="leetCodeProblem\Minimum_Falling_Path_Sum_931.h">
      <Filter>헤더 파일\leetCodeProblem</Filter>
    </ClInclude>
    <ClInclude Include="leetCodeProblem\Minimum_Path_Sum_64.h">
      <Filter>헤더 파일\leetCodeProblem</Filter>
    </ClInclude>
    <ClInclude Include="leetCodeProblem\Monotonic_Array_896.h">
      <Filter>헤더 파일\leetCodeProblem</Filter>
    </ClInclude>
    <ClInclude Include="leetCodeProblem\Move_Zeroes_283.h">
      <Filter>헤더 파일\leetCodeProblem</Filter>
    </ClInclude>
    <ClInclude Include="leetCodeProblem\N-ary_Tree_Preorder_Traversal_589.h">
      <Filter>헤더 파일\leetCodeProblem</Filter>
    </ClInclude>
    <ClInclude Include="leetCodeProblem\NETWORK_DELAY_TIME_743.h">
      <Filter>헤더 파일\leetCodeProblem</Filter>
    </ClInclude>
    <ClInclude Include="leetCodeProblem\Next_Greater_Element_I_496.h">
      <Filter>헤더 파일\leetCodeProblem</Filter>
    </ClInclude>
    <ClInclude Include="leetCodeProblem\N-th_Tribonacci_Number_1137.h">
      <Filter>헤더 파일\leetCodeProblem</Filter>
    </ClInclude>
    <ClInclude Include="leetCodeProblem\Number_of_1_Bits_191.h">
      <Filter>헤더 파일\leetCodeProblem</Filter>
    </ClInclude>
    <ClInclude Include="leetCodeProblem\Number_of_Islands_200.h">
      <Filter>헤더 파일\leetCodeProblem</Filter>
    </ClInclude>
    <ClInclude Include="leetCodeProblem\Number_of_Operations_to_Make_Network_Connected_1319.h">
      <Filter>헤더 파일\leetCodeProblem</Filter>
    </ClInclude>
    <ClInclude Include="leetCodeProblem\Number_of_Provinces_547.h">
      <Filter>헤더 파일\leetCodeProblem</Filter>
    </ClInclude>
    <ClInclude Include="leetCodeProblem\Odd_Even_Linked_List_328.h">
      <Filter>헤더 파일\leetCodeProblem</Filter>
    </ClInclude>
    <ClInclude Include="leetCodeProblem\Palindrome_Partitioning_131.h">
      <Filter>헤더 파일\leetCodeProblem</Filter>
    </ClInclude>
    <ClInclude Include="leetCodeProblem\Palindromic_Substrings_647.h">
      <Filter>헤더 파일\leetCodeProblem</Filter>
    </ClInclude>
    <ClInclude Include="leetCodeProblem\Pascal_s_Triangle_118.h">
      <Filter>헤더 파일\leetCodeProblem</Filter>
    </ClInclude>
    <ClInclude Include="leetCodeProblem\Pascal_s_Triangle_II_119.h">
      <Filter>헤더 파일\leetCodeProblem</Filter>
    </ClInclude>
    <ClInclude Include="leetCodeProblem\Path_Sum_112.h">
      <Filter>헤더 파일\leetCodeProblem</Filter>
    </ClInclude>
    <ClInclude Include="leetCodeProblem\Path_Sum_II_113.h">
      <Filter>헤더 파일\leetCodeProblem</Filter>
    </ClInclude>
    <ClInclude Include="leetCodeProblem\Perfect_Squares_279.h">
      <Filter>헤더 파일\leetCodeProblem</Filter>
    </ClInclude>
    <ClInclude Include="leetCodeProblem\Plus_One_66.h">
      <Filter>헤더 파일\leetCodeProblem</Filter>
    </ClInclude>
    <ClInclude Include="leetCodeProblem\Populating_Next_Right_Pointers_in_Each_Node_116.h">
      <Filter>헤더 파일\leetCodeProblem</Filter>
    </ClInclude>
    <ClInclude Include="leetCodeProblem\Possible_Bipartition_886.h">
      <Filter>헤더 파일\leetCodeProblem</Filter>
    </ClInclude>
    <ClInclude Include="leetCodeProblem\Range_Sum_of_BST_938.h">
      <Filter>헤더 파일\leetCodeProblem</Filter>
    </ClInclude>
    <ClInclude Include="leetCodeProblem\Range_Sum_Query_2D_Immutable_304.h">
      <Filter>헤더 파일\leetCodeProblem</Filter>
    </ClInclude>
    <ClInclude Include="leetCodeProblem\RANGE_SUM_QUERY_IMMUTABLE_303.h">
      <Filter>헤더 파일\leetCodeProblem</Filter>
    </ClInclude>
    <ClInclude Include="leetCodeProblem\Redundant_Connection_684.h">
      <Filter>헤더 파일\leetCodeProblem</Filter>
    </ClInclude>
    <ClInclude Include="leetCodeProblem\Redundant_Connection_II_685.h">
      <Filter>헤더 파일\leetCodeProblem</Filter>
    </ClInclude>
    <ClInclude Include="leetCodeProblem\Repeated_Substring_Pattern_459.h">
      <Filter>헤더 파일\leetCodeProblem</Filter>
    </ClInclude>
    <ClInclude Include="leetCodeProblem\Reshape_the_Matrix_566.h">
      <Filter>헤더 파일\leetCodeProblem</Filter>
    </ClInclude>
    <ClInclude Include="leetCodeProblem\Reverse_Integer_7.h">
      <Filter>헤더 파일\leetCodeProblem</Filter>
    </ClInclude>
    <ClInclude Include="leetCodeProblem\Reverse_Linked_List_206.h">
      <Filter>헤더 파일\leetCodeProblem</Filter>
    </ClInclude>
    <ClInclude Include="leetCodeProblem\Reverse_String_344.h">
      <Filter>헤더 파일\leetCodeProblem</Filter>
    </ClInclude>
    <ClInclude Include="leetCodeProblem\Richest_Customer_Wealth_1672.h">
      <Filter>헤더 파일\leetCodeProblem</Filter>
    </ClInclude>
    <ClInclude Include="leetCodeProblem\Roman_to_Integer_13.h">
      <Filter>헤더 파일\leetCodeProblem</Filter>
    </ClInclude>
    <ClInclude Include="leetCodeProblem\Rotting_Oranges_994.h">
      <Filter>헤더 파일\leetCodeProblem</Filter>
    </ClInclude>
    <ClInclude Include="leetCodeProblem\Running_Sum_of_1d_Array_1480.h">
      <Filter>헤더 파일\leetCodeProblem</Filter>
    </ClInclude>
    <ClInclude Include="leetCodeProblem\Sign_of_the_Product_of_an_Array_1822.h">
      <Filter>헤더 파일\leetCodeProblem</Filter>
    </ClInclude>
    <ClInclude Include="leetCodeProblem\Sort_Integers_by_The_Number_of_1_Bits_1356.h.h">
      <Filter>헤더 파일\leetCodeProblem</Filter>
    </ClInclude>
    <ClInclude Include="leetCodeProblem\Subtract_the_Product_and_Sum_of_Digits_of_an_Integer_1281.h">
      <Filter>헤더 파일\leetCodeProblem</Filter>
    </ClInclude>
    <ClInclude Include="leetCodeProblem\Sum_of_All_Odd_Length_Subarrays_1588.h">
      <Filter>헤더 파일\leetCodeProblem</Filter>
    </ClInclude>
    <ClInclude Include="leetCodeProblem\Sum_of_Distances_in_Tree_834.h">
      <Filter>헤더 파일\leetCodeProblem</Filter>
    </ClInclude>
    <ClInclude Include="leetCodeProblem\Sum_of_Left_Leaves_404.h">
      <Filter>헤더 파일\leetCodeProblem</Filter>
    </ClInclude>
    <ClInclude Include="leetCodeProblem\Sum_Root_to_Leaf_Numbers_129.h">
      <Filter>헤더 파일\leetCodeProblem</Filter>
    </ClInclude>
    <ClInclude Include="leetCodeProblem\target_sum_494.h">
      <Filter>헤더 파일\leetCodeProblem</Filter>
    </ClInclude>
    <ClInclude Include="leetCodeProblem\To_Lower_Case_709.h">
      <Filter>헤더 파일\leetCodeProblem</Filter>
    </ClInclude>
    <ClInclude Include="leetCodeProblem\Toeplitz_Matrix_766.h">
      <Filter>헤더 파일\leetCodeProblem</Filter>
    </ClInclude>
    <ClInclude Include="leetCodeProblem\Top_K_Frequent_Elements_347.h">
      <Filter>헤더 파일\leetCodeProblem</Filter>
    </ClInclude>
    <ClInclude Include="leetCodeProblem\Trapping_Rain_Water_42.h">
      <Filter>헤더 파일\leetCodeProblem</Filter>
    </ClInclude>
    <ClInclude Include="leetCodeProblem\Triangle_120.h">
      <Filter>헤더 파일\leetCodeProblem</Filter>
    </ClInclude>
    <ClInclude Include="leetCodeProblem\Ugly_Number_II_264.h">
      <Filter>헤더 파일\leetCodeProblem</Filter>
    </ClInclude>
    <ClInclude Include="leetCodeProblem\Unique_Binary_Search_Trees_96.h">
      <Filter>헤더 파일\leetCodeProblem</Filter>
    </ClInclude>
    <ClInclude Include="leetCodeProblem\Unique_Paths_62.h">
      <Filter>헤더 파일\leetCodeProblem</Filter>
    </ClInclude>
    <ClInclude Include="leetCodeProblem\Unique_Paths_II_63.h">
      <Filter>헤더 파일\leetCodeProblem</Filter>
    </ClInclude>
    <ClInclude Include="leetCodeProblem\Valid_Anagram_242.h">
      <Filter>헤더 파일\leetCodeProblem</Filter>
    </ClInclude>
    <ClInclude Include="leetCodeProblem\Wiggle_Subsequence_376.h">
      <Filter>헤더 파일\leetCodeProblem</Filter>
    </ClInclude>
    <ClInclude Include="leetCodeProblem\Word_Break_139.h">
      <Filter>헤더 파일\leetCodeProblem</Filter>
    </ClInclude>
    <ClInclude Include="leetCodeProblem\word_search_79.h">
      <Filter>헤더 파일\leetCodeProblem</Filter>
    </ClInclude>
    <ClInclude Include="leetCodeProblem\world_search_DFS_79.h">
      <Filter>헤더 파일\leetCodeProblem</Filter>
    </ClInclude>
    <ClInclude Include="leetCodeProblem\Wrod_Ladder_127.h">
      <Filter>헤더 파일\leetCodeProblem</Filter>
    </ClInclude>
    <ClInclude Include="programmers\lesston77884.h">
      <Filter>헤더 파일\programmers</Filter>
    </ClInclude>
    <ClInclude Include="programmers\make_hamburger.h">
      <Filter>헤더 파일\programmers</Filter>
    </ClInclude>
    <ClInclude Include="programmers\sql_query.h">
      <Filter>헤더 파일\programmers</Filter>
    </ClInclude>
    <ClInclude Include="dataStruct\graph_implement_adjacency.h">
      <Filter>헤더 파일\codePractice</Filter>
    </ClInclude>
    <ClInclude Include="dataStruct\graph_traversal.h">
      <Filter>헤더 파일\codePractice</Filter>
    </ClInclude>
    <ClInclude Include="dataStruct\implement_binary_tree.h">
      <Filter>헤더 파일\codePractice</Filter>
    </ClInclude>
    <ClInclude Include="dataStruct\max_heap.h">
      <Filter>헤더 파일\codePractice</Filter>
    </ClInclude>
    <ClInclude Include="acmicpc\problem_1759.h">
      <Filter>헤더 파일\acmicpc</Filter>
    </ClInclude>
    <ClInclude Include="acmicpc\problem_14890.h">
      <Filter>헤더 파일\acmicpc</Filter>
    </ClInclude>
    <ClInclude Include="acmicpc\problem_1916.h">
      <Filter>헤더 파일\acmicpc</Filter>
    </ClInclude>
    <ClInclude Include="leetCodeProblem\Remove_Stones_to_Minimize_the_Total_1962.h">
      <Filter>헤더 파일\leetCodeProblem</Filter>
    </ClInclude>
    <ClInclude Include="Delete_Columns_to_Make_Sorted_944.h">
      <Filter>헤더 파일\leetCodeProblem</Filter>
    </ClInclude>
    <ClInclude Include="leetCodeProblem\Delete_Columns_to_Make_Sorted_944.h">
      <Filter>헤더 파일\leetCodeProblem</Filter>
    </ClInclude>
    <ClInclude Include="leetCodeProblem\Detect_Capital_520.h">
      <Filter>헤더 파일\leetCodeProblem</Filter>
    </ClInclude>
    <ClInclude Include="leetCodeProblem\Single_Threaded_CPU_1834.h">
      <Filter>헤더 파일\leetCodeProblem</Filter>
    </ClInclude>
    <ClInclude Include="leetCodeProblem\Word_Pattern_290.h">
      <Filter>헤더 파일\leetCodeProblem</Filter>
    </ClInclude>
    <ClInclude Include="acmicpc\acmicpc_1011.h">
      <Filter>헤더 파일\acmicpc</Filter>
    </ClInclude>
    <ClInclude Include="acmicpc\acmicpc_1197.h">
      <Filter>헤더 파일\acmicpc</Filter>
    </ClInclude>
    <ClInclude Include="leetCodeProblem\Binary_Tree_Preorder_Traversal_144.h">
      <Filter>헤더 파일\leetCodeProblem</Filter>
    </ClInclude>
    <ClInclude Include="leetCodeProblem\Gas_Station_134.h">
      <Filter>헤더 파일\leetCodeProblem</Filter>
    </ClInclude>
    <ClInclude Include="leetCodeProblem\Max_Points_on_a_Line_149.h">
      <Filter>헤더 파일\leetCodeProblem</Filter>
    </ClInclude>
    <ClInclude Include="leetCodeProblem\Maximum_Ice_Cream_Bars_1833.h">
      <Filter>헤더 파일\leetCodeProblem</Filter>
    </ClInclude>
    <ClInclude Include="leetCodeProblem\Minimum_Number_of_Arrows_to_Burst_Balloons_452.h">
      <Filter>헤더 파일\leetCodeProblem</Filter>
    </ClInclude>
    <ClInclude Include="leetCodeProblem\Minimum_Rounds_to_Complete_All_Tasks_2244.h">
      <Filter>헤더 파일\leetCodeProblem</Filter>
    </ClInclude>
    <ClInclude Include="acmicpc\acmicpc_1309.h">
      <Filter>헤더 파일\acmicpc</Filter>
    </ClInclude>
    <ClInclude Include="leetCodeProblem\Same_Tree_100.h">
      <Filter>헤더 파일\leetCodeProblem</Filter>
    </ClInclude>
    <ClInclude Include="leetCodeProblem\Lexicographically_Smallest_Equivalent_String_1061.h">
      <Filter>헤더 파일\leetCodeProblem</Filter>
    </ClInclude>
    <ClInclude Include="leetCodeProblem\Longest_Path_With_Different_Adjacent_characters_2246.h">
      <Filter>헤더 파일\leetCodeProblem</Filter>
    </ClInclude>
    <ClInclude Include="leetCodeProblem\Minimum_Time_to_Collect_All_Apples_in_a_Tree_1443_wrong_answer.h">
      <Filter>헤더 파일\leetCodeProblem</Filter>
    </ClInclude>
    <ClInclude Include="acmicpc\acmicpc_10757.h">
      <Filter>헤더 파일\acmicpc</Filter>
    </ClInclude>
    <ClInclude Include="acmicpc\acmicpc_11279.h">
      <Filter>헤더 파일\acmicpc</Filter>
    </ClInclude>
    <ClInclude Include="academyLesson\2023_01_17.h">
      <Filter>헤더 파일\academyLesson</Filter>
    </ClInclude>
    <ClInclude Include="academyLesson\2023_01_18.h">
      <Filter>헤더 파일\academyLesson</Filter>
    </ClInclude>
    <ClInclude Include="academyLesson\2023_01_19.h">
      <Filter>헤더 파일\academyLesson</Filter>
    </ClInclude>
    <ClInclude Include="academyLesson\2023_01_20.h">
      <Filter>헤더 파일\academyLesson</Filter>
    </ClInclude>
    <ClInclude Include="academyLesson\2023_01_30.h">
      <Filter>헤더 파일\academyLesson</Filter>
    </ClInclude>
    <ClInclude Include="academyLesson\2023_01_31.h">
      <Filter>헤더 파일\academyLesson</Filter>
    </ClInclude>
    <ClInclude Include="academyLesson\2023_02_01.h">
      <Filter>헤더 파일\academyLesson</Filter>
    </ClInclude>
    <ClInclude Include="academyLesson\2023_02_02.h">
      <Filter>헤더 파일\academyLesson</Filter>
    </ClInclude>
    <ClInclude Include="academyLesson\2023_02_03.h">
      <Filter>헤더 파일\academyLesson</Filter>
    </ClInclude>
    <ClInclude Include="academyLesson\2023_02_06.h">
      <Filter>헤더 파일\academyLesson</Filter>
    </ClInclude>
    <ClInclude Include="academyLesson\2023_02_07.h">
      <Filter>헤더 파일\academyLesson</Filter>
    </ClInclude>
    <ClInclude Include="acmicpc\acmicpc_1406.h">
      <Filter>헤더 파일\acmicpc</Filter>
    </ClInclude>
    <ClInclude Include="acmicpc\acmicpc_1629.h">
      <Filter>헤더 파일\acmicpc</Filter>
    </ClInclude>
    <ClInclude Include="acmicpc\acmicpc_2225.h">
      <Filter>헤더 파일\acmicpc</Filter>
    </ClInclude>
    <ClInclude Include="acmicpc\acmicpc_2293.h">
      <Filter>헤더 파일\acmicpc</Filter>
    </ClInclude>
    <ClInclude Include="acmicpc\acmicpc_2480.h">
      <Filter>헤더 파일\acmicpc</Filter>
    </ClInclude>
    <ClInclude Include="acmicpc\acmicpc_2525.h">
      <Filter>헤더 파일\acmicpc</Filter>
    </ClInclude>
    <ClInclude Include="acmicpc\acmicpc_3003.h">
      <Filter>헤더 파일\acmicpc</Filter>
    </ClInclude>
    <ClInclude Include="acmicpc\acmicpc_10926.h">
      <Filter>헤더 파일\acmicpc</Filter>
    </ClInclude>
    <ClInclude Include="acmicpc\acmicpc_18108.h">
      <Filter>헤더 파일\acmicpc</Filter>
    </ClInclude>
    <ClInclude Include="acmicpc\acmicpc_25083.h">
      <Filter>헤더 파일\acmicpc</Filter>
    </ClInclude>
    <ClInclude Include="academyLesson\2023_02_08.h">
      <Filter>헤더 파일\academyLesson</Filter>
    </ClInclude>
    <ClInclude Include="academyLesson\2023_02_09.h">
      <Filter>헤더 파일\academyLesson</Filter>
    </ClInclude>
    <ClInclude Include="academyLesson\2023_02_10.h">
      <Filter>헤더 파일\academyLesson</Filter>
    </ClInclude>
    <ClInclude Include="acmicpc_25304.h">
      <Filter>헤더 파일\acmicpc</Filter>
    </ClInclude>
    <ClInclude Include="acmicpc\acmicpc_1528.h">
      <Filter>헤더 파일\acmicpc</Filter>
    </ClInclude>
    <ClInclude Include="acmicpc\acmicpc_11653.h">
      <Filter>헤더 파일\acmicpc</Filter>
    </ClInclude>
    <ClInclude Include="academyLesson\2023_02_13.h">
      <Filter>헤더 파일\academyLesson</Filter>
    </ClInclude>
    <ClInclude Include="academyLesson\2023_02_14.h">
      <Filter>헤더 파일\academyLesson</Filter>
    </ClInclude>
    <ClInclude Include="academyLesson\2023_02_15.h">
      <Filter>헤더 파일\academyLesson</Filter>
    </ClInclude>
    <ClInclude Include="academyLesson\2023_02_16.h">
      <Filter>헤더 파일\academyLesson</Filter>
    </ClInclude>
    <ClInclude Include="academyLesson\2023_02_20.h">
      <Filter>헤더 파일\academyLesson</Filter>
    </ClInclude>
    <ClInclude Include="academyLesson\2023_02_21.h">
      <Filter>헤더 파일\academyLesson</Filter>
    </ClInclude>
    <ClInclude Include="leetCodeProblem\Add_Binary_67.h">
      <Filter>헤더 파일\leetCodeProblem</Filter>
    </ClInclude>
    <ClInclude Include="leetCodeProblem\Add_to_Array-Form_of_Integer_989.h">
      <Filter>헤더 파일\leetCodeProblem</Filter>
    </ClInclude>
    <ClInclude Include="leetCodeProblem\As_Far_from_Land_as_Possible_1162.h">
      <Filter>헤더 파일\leetCodeProblem</Filter>
    </ClInclude>
    <ClInclude Include="leetCodeProblem\Best_Team_With_No_Conflicts_1626.h">
      <Filter>헤더 파일\leetCodeProblem</Filter>
    </ClInclude>
    <ClInclude Include="leetCodeProblem\Flip_String_to_Monotone_Increasing_926.h">
      <Filter>헤더 파일\leetCodeProblem</Filter>
    </ClInclude>
    <ClInclude Include="leetCodeProblem\Fruit_Into_Baskets_904.h">
      <Filter>헤더 파일\leetCodeProblem</Filter>
    </ClInclude>
    <ClInclude Include="leetCodeProblem\Greatest_Common_Divisor_of_Strings_1071.h">
      <Filter>헤더 파일\leetCodeProblem</Filter>
    </ClInclude>
    <ClInclude Include="leetCodeProblem\Invert_Binary_Tree_226.h">
      <Filter>헤더 파일\leetCodeProblem</Filter>
    </ClInclude>
    <ClInclude Include="leetCodeProblem\LFU_Cahe_461.h">
      <Filter>헤더 파일\leetCodeProblem</Filter>
    </ClInclude>
    <ClInclude Include="leetCodeProblem\Merge_Two_Sorted_Lists_21.h">
      <Filter>헤더 파일\leetCodeProblem</Filter>
    </ClInclude>
    <ClInclude Include="leetCodeProblem\Minimum_Distance_Between_BST_Nodes_783.h">
      <Filter>헤더 파일\leetCodeProblem</Filter>
    </ClInclude>
    <ClInclude Include="leetCodeProblem\Non-decreasing_Subsequences_491.h">
      <Filter>헤더 파일\leetCodeProblem</Filter>
    </ClInclude>
    <ClInclude Include="leetCodeProblem\Number_of_Good_Paths_2421.h">
      <Filter>헤더 파일\leetCodeProblem</Filter>
    </ClInclude>
    <ClInclude Include="leetCodeProblem\Restore_IP_Addresses_93.h">
      <Filter>헤더 파일\leetCodeProblem</Filter>
    </ClInclude>
    <ClInclude Include="leetCodeProblem\Search_Insert_Position_35.h">
      <Filter>헤더 파일\leetCodeProblem</Filter>
    </ClInclude>
    <ClInclude Include="leetCodeProblem\Shuffle_the_Array.h">
      <Filter>헤더 파일\leetCodeProblem</Filter>
    </ClInclude>
    <ClInclude Include="leetCodeProblem\Single_Element_in_a_Sorted_Array_540.h">
      <Filter>헤더 파일\leetCodeProblem</Filter>
    </ClInclude>
    <ClInclude Include="leetCodeProblem\SubarraySumsDivisibleByK_974.h">
      <Filter>헤더 파일\leetCodeProblem</Filter>
    </ClInclude>
    <ClInclude Include="academyLesson\2023_03_13.h">
      <Filter>헤더 파일\academyLesson</Filter>
    </ClInclude>
    <ClInclude Include="academyLesson\2023_02_22.h">
      <Filter>헤더 파일\academyLesson</Filter>
    </ClInclude>
    <ClInclude Include="academyLesson\2023_02_23.h">
      <Filter>헤더 파일\academyLesson</Filter>
    </ClInclude>
    <ClInclude Include="academyLesson\2023_02_24.h">
      <Filter>헤더 파일\academyLesson</Filter>
    </ClInclude>
    <ClInclude Include="academyLesson\2023_02_27.h">
      <Filter>헤더 파일\academyLesson</Filter>
    </ClInclude>
    <ClInclude Include="academyLesson\2023_02_28.h">
      <Filter>헤더 파일\academyLesson</Filter>
    </ClInclude>
    <ClInclude Include="academyLesson\2023_03_06.h">
      <Filter>헤더 파일\academyLesson</Filter>
    </ClInclude>
    <ClInclude Include="academyLesson\2023_03_07.h">
      <Filter>헤더 파일\academyLesson</Filter>
    </ClInclude>
    <ClInclude Include="academyLesson\2023_03_08.h">
      <Filter>헤더 파일\academyLesson</Filter>
    </ClInclude>
    <ClInclude Include="academyLesson\2023_03_09.h">
      <Filter>헤더 파일\academyLesson</Filter>
    </ClInclude>
    <ClInclude Include="academyLesson\2023_03_10.h">
      <Filter>헤더 파일\academyLesson</Filter>
    </ClInclude>
    <ClInclude Include="Check_Completeness_of_a_Binary_Tree_958.h">
      <Filter>헤더 파일\leetCodeProblem</Filter>
    </ClInclude>
    <ClInclude Include="Design_Browser_History_1472.h">
      <Filter>헤더 파일\leetCodeProblem</Filter>
    </ClInclude>
    <ClInclude Include="acmicpc_10811.h">
      <Filter>헤더 파일\acmicpc</Filter>
    </ClInclude>
    <ClInclude Include="acmicpc_1920.h">
      <Filter>헤더 파일\acmicpc</Filter>
    </ClInclude>
    <ClInclude Include="acmicpc_2609.h">
      <Filter>헤더 파일\acmicpc</Filter>
    </ClInclude>
    <ClInclude Include="acmicpc_11866.h">
      <Filter>헤더 파일\acmicpc</Filter>
    </ClInclude>
    <ClInclude Include="acmicpc_10816.h">
      <Filter>헤더 파일\acmicpc</Filter>
    </ClInclude>
    <ClInclude Include="acmicpc_10866.h">
      <Filter>헤더 파일\acmicpc</Filter>
    </ClInclude>
    <ClInclude Include="acmicpc_2805.h">
      <Filter>헤더 파일\acmicpc</Filter>
    </ClInclude>
    <ClInclude Include="acmicpc_1654.h">
      <Filter>헤더 파일\acmicpc</Filter>
    </ClInclude>
    <ClInclude Include="classTest230320_2.h">
      <Filter>헤더 파일\codePractice</Filter>
    </ClInclude>
    <ClInclude Include="classTest230314_0.h">
      <Filter>헤더 파일\codePractice</Filter>
    </ClInclude>
    <ClInclude Include="classTest230314_1.h">
      <Filter>헤더 파일\codePractice</Filter>
    </ClInclude>
    <ClInclude Include="classTest230320.h">
      <Filter>헤더 파일\codePractice</Filter>
    </ClInclude>
    <ClInclude Include="acmicpc_2164.h">
      <Filter>헤더 파일\acmicpc</Filter>
    </ClInclude>
    <ClInclude Include="classCopyConstructor.h">
      <Filter>헤더 파일\codePractice</Filter>
    </ClInclude>
    <ClInclude Include="inheritanceConstructorCall.h">
      <Filter>헤더 파일\codePractice</Filter>
    </ClInclude>
    <ClInclude Include="C20230330_machine.h">
      <Filter>헤더 파일\codePractice</Filter>
    </ClInclude>
    <ClInclude Include="C20230331_PureVirtualFunctionTest.h">
      <Filter>헤더 파일\codePractice</Filter>
    </ClInclude>
    <ClInclude Include="acmicpc_4949.h">
      <Filter>헤더 파일\acmicpc</Filter>
    </ClInclude>
    <ClInclude Include="20230405_BubbleSort.h">
      <Filter>헤더 파일\codePractice</Filter>
    </ClInclude>
    <ClInclude Include="acmicpc_1966.h">
      <Filter>헤더 파일\acmicpc</Filter>
    </ClInclude>
    <ClInclude Include="20230420_Node.h">
      <Filter>헤더 파일\codePractice</Filter>
    </ClInclude>
    <ClInclude Include="20230420_LinkedList.h">
      <Filter>헤더 파일\codePractice</Filter>
    </ClInclude>
    <ClInclude Include="leetcode_problem_1312.h">
      <Filter>헤더 파일\leetCodeProblem</Filter>
    </ClInclude>
    <ClInclude Include="Restore_The_Array_1416.h">
      <Filter>헤더 파일\leetCodeProblem</Filter>
    </ClInclude>
    <ClInclude Include="Uncrossed_Lines_1035.h">
      <Filter>헤더 파일\leetCodeProblem</Filter>
    </ClInclude>
    <ClInclude Include="178871_programmers.h">
      <Filter>헤더 파일\programmers</Filter>
    </ClInclude>
    <ClInclude Include="acmicpc_1025.h">
      <Filter>헤더 파일\acmicpc</Filter>
    </ClInclude>
    <ClInclude Include="acmicpc_1041_TLE.h">
      <Filter>헤더 파일\acmicpc</Filter>
    </ClInclude>
    <ClInclude Include="Binary_Search_704.h">
      <Filter>헤더 파일\leetCodeProblem</Filter>
    </ClInclude>
    <ClInclude Include="acmicpc_11651.h">
      <Filter>헤더 파일\acmicpc</Filter>
    </ClInclude>
    <ClInclude Include="acmicpc_1041_wrongAnswer.h">
      <Filter>헤더 파일\acmicpc</Filter>
    </ClInclude>
    <ClInclude Include="acmicpc_1068.h">
      <Filter>헤더 파일\acmicpc</Filter>
    </ClInclude>
    <ClInclude Include="acmicpc_1083.h">
      <Filter>헤더 파일\acmicpc</Filter>
    </ClInclude>
    <ClInclude Include="acmicpc1092.h">
      <Filter>헤더 파일\acmicpc</Filter>
    </ClInclude>
    <ClInclude Include="20230530_move.h">
      <Filter>헤더 파일\codePractice</Filter>
    </ClInclude>
    <ClInclude Include="20230530_moveFactory.h">
      <Filter>헤더 파일\codePractice</Filter>
    </ClInclude>
    <ClInclude Include="C20230404_Fly.h">
      <Filter>헤더 파일\codePractice</Filter>
    </ClInclude>
    <ClInclude Include="C20230404_move.h">
      <Filter>헤더 파일\codePractice</Filter>
    </ClInclude>
    <ClInclude Include="C20230404_strategyClass.h">
      <Filter>헤더 파일\codePractice</Filter>
    </ClInclude>
    <ClInclude Include="20230530_character.h">
      <Filter>헤더 파일\codePractice</Filter>
    </ClInclude>
    <ClInclude Include="acmicpc_1174.h">
      <Filter>헤더 파일\acmicpc</Filter>
    </ClInclude>
    <ClInclude Include="acmicpc_1106.h">
      <Filter>헤더 파일\acmicpc</Filter>
    </ClInclude>
    <ClInclude Include="acmicpc_1927.h">
      <Filter>헤더 파일\acmicpc</Filter>
    </ClInclude>
    <ClInclude Include="forum.h">
      <Filter>헤더 파일\codePractice\forum</Filter>
    </ClInclude>
    <ClInclude Include="acmicpc_10988.h">
      <Filter>헤더 파일\acmicpc</Filter>
    </ClInclude>
    <ClInclude Include="acmicpc_1676.h">
      <Filter>헤더 파일\acmicpc</Filter>
    </ClInclude>
    <ClInclude Include="acmicpc_1240_incorrectAnswer.h">
      <Filter>헤더 파일\acmicpc</Filter>
    </ClInclude>
    <ClInclude Include="acmicpc_1240.h">
      <Filter>헤더 파일\acmicpc</Filter>
    </ClInclude>
    <ClInclude Include="acmicpc_1117.h">
      <Filter>헤더 파일\acmicpc</Filter>
    </ClInclude>
    <ClInclude Include="acmicpc_1334_wrongAnswer.h">
      <Filter>헤더 파일\acmicpc</Filter>
    </ClInclude>
    <ClInclude Include="acmicpc_1334.h">
      <Filter>헤더 파일\acmicpc</Filter>
    </ClInclude>
    <ClInclude Include="acmicpc_1374.h">
      <Filter>헤더 파일\acmicpc</Filter>
    </ClInclude>
    <ClInclude Include="acmicpc_1241.h">
      <Filter>헤더 파일\acmicpc</Filter>
    </ClInclude>
    <ClInclude Include="acmicpc_1043_wrongAnswer.h">
      <Filter>헤더 파일\acmicpc</Filter>
    </ClInclude>
    <ClInclude Include="acmicpc_1043.h">
      <Filter>헤더 파일\acmicpc</Filter>
    </ClInclude>
  </ItemGroup>
  <ItemGroup>
    <ClCompile Include="classTest230314_0.cpp">
      <Filter>소스 파일</Filter>
    </ClCompile>
    <ClCompile Include="classTest230314_1.cpp">
      <Filter>소스 파일</Filter>
    </ClCompile>
    <ClCompile Include="classTest230314_main.cpp">
      <Filter>소스 파일</Filter>
    </ClCompile>
    <ClCompile Include="classTest230320.cpp">
      <Filter>소스 파일</Filter>
    </ClCompile>
    <ClCompile Include="classTest230320_2.cpp">
      <Filter>소스 파일</Filter>
    </ClCompile>
    <ClCompile Include="main.cpp">
      <Filter>메인</Filter>
    </ClCompile>
    <ClCompile Include="classCopyConstructor.cpp">
      <Filter>소스 파일</Filter>
    </ClCompile>
    <ClCompile Include="inheritanceConstructorCall.cpp">
      <Filter>소스 파일</Filter>
    </ClCompile>
    <ClCompile Include="C20230330_machine.cpp">
      <Filter>소스 파일</Filter>
    </ClCompile>
    <ClCompile Include="C20230331_PureVirtualFunctionTest.cpp">
      <Filter>소스 파일</Filter>
    </ClCompile>
    <ClCompile Include="C20230331_MainSpace.cpp">
      <Filter>소스 파일</Filter>
    </ClCompile>
    <ClCompile Include="20230405_BubbleSort.cpp">
      <Filter>소스 파일</Filter>
    </ClCompile>
    <ClCompile Include="20230420_Node.cpp">
      <Filter>소스 파일</Filter>
    </ClCompile>
    <ClCompile Include="20230420_LinkedList.cpp">
      <Filter>소스 파일</Filter>
    </ClCompile>
    <ClCompile Include="20230530_move.cpp">
      <Filter>소스 파일</Filter>
    </ClCompile>
    <ClCompile Include="20230530_moveFactory.cpp">
      <Filter>소스 파일</Filter>
    </ClCompile>
    <ClCompile Include="20230530_character.cpp">
      <Filter>소스 파일</Filter>
    </ClCompile>
    <ClCompile Include="forum.cpp">
      <Filter>소스 파일</Filter>
    </ClCompile>
  </ItemGroup>
</Project>